
Microsoft Visual Studio Solution File, Format Version 12.00
# Visual Studio 15
VisualStudioVersion = 15.0.28307.421
MinimumVisualStudioVersion = 10.0.40219.1
Project("{FAE04EC0-301F-11D3-BF4B-00C04F79EFBC}") = "Tema1", "Tema1\Tema1.csproj", "{06C0D943-DE1A-4604-8A13-873C17291C92}"
EndProject
Global
	GlobalSection(SolutionConfigurationPlatforms) = preSolution
		Debug|Any CPU = Debug|Any CPU
		Release|Any CPU = Release|Any CPU
	EndGlobalSection
	GlobalSection(ProjectConfigurationPlatforms) = postSolution
		{06C0D943-DE1A-4604-8A13-873C17291C92}.Debug|Any CPU.ActiveCfg = Debug|Any CPU
		{06C0D943-DE1A-4604-8A13-873C17291C92}.Debug|Any CPU.Build.0 = Debug|Any CPU
		{06C0D943-DE1A-4604-8A13-873C17291C92}.Release|Any CPU.ActiveCfg = Release|Any CPU
		{06C0D943-DE1A-4604-8A13-873C17291C92}.Release|Any CPU.Build.0 = Release|Any CPU
	EndGlobalSection
	GlobalSection(SolutionProperties) = preSolution
		HideSolutionNode = FALSE
	EndGlobalSection
	GlobalSection(ExtensibilityGlobals) = postSolution
		SolutionGuid = {46C8D9BF-F1AA-4E01-B4EA-666D5B0988C1}
	EndGlobalSection
EndGlobal
