{
  "name": "teme4",
  "version": "1.0.0",
  "lockfileVersion": 1,
  "requires": true,
  "dependencies": {
    "decimal": {
      "version": "0.0.2",
      "resolved": "https://registry.npmjs.org/decimal/-/decimal-0.0.2.tgz",
      "integrity": "sha1-GUPsUjaKD996NywsEM8fy8kbk+M="
    },
    "decimal.js": {
      "version": "10.1.1",
      "resolved": "https://registry.npmjs.org/decimal.js/-/decimal.js-10.1.1.tgz",
      "integrity": "sha512-vEEgyk1fWVEnv7lPjkNedAIjzxQDue5Iw4FeX4UkNUDSVyD/jZTD0Bw2kAO7k6iyyJRAhM9oxxI0D1ET6k0Mmg=="
    }
  }
}
