
Microsoft Visual Studio Solution File, Format Version 12.00
# Visual Studio 15
VisualStudioVersion = 15.0.28307.421
MinimumVisualStudioVersion = 10.0.40219.1
Project("{FAE04EC0-301F-11D3-BF4B-00C04F79EFBC}") = "Tema1", "Tema1\Tema1.csproj", "{81864A4F-01BD-468C-B4E4-47391A81A9DB}"
EndProject
Project("{9A19103F-16F7-4668-BE54-9A1E7A4F7556}") = "Tema2Logic", "ConsoleApp1\Tema2Logic.csproj", "{314CAC01-C106-4BBB-A199-2756EB007D43}"
EndProject
Project("{FAE04EC0-301F-11D3-BF4B-00C04F79EFBC}") = "Tema3", "Tema3\Tema3.csproj", "{94BB45BB-94B2-4119-B7F0-18269EEB59A8}"
EndProject
Global
	GlobalSection(SolutionConfigurationPlatforms) = preSolution
		Debug|Any CPU = Debug|Any CPU
		Release|Any CPU = Release|Any CPU
	EndGlobalSection
	GlobalSection(ProjectConfigurationPlatforms) = postSolution
		{81864A4F-01BD-468C-B4E4-47391A81A9DB}.Debug|Any CPU.ActiveCfg = Debug|Any CPU
		{81864A4F-01BD-468C-B4E4-47391A81A9DB}.Debug|Any CPU.Build.0 = Debug|Any CPU
		{81864A4F-01BD-468C-B4E4-47391A81A9DB}.Release|Any CPU.ActiveCfg = Release|Any CPU
		{81864A4F-01BD-468C-B4E4-47391A81A9DB}.Release|Any CPU.Build.0 = Release|Any CPU
		{314CAC01-C106-4BBB-A199-2756EB007D43}.Debug|Any CPU.ActiveCfg = Debug|Any CPU
		{314CAC01-C106-4BBB-A199-2756EB007D43}.Debug|Any CPU.Build.0 = Debug|Any CPU
		{314CAC01-C106-4BBB-A199-2756EB007D43}.Release|Any CPU.ActiveCfg = Release|Any CPU
		{314CAC01-C106-4BBB-A199-2756EB007D43}.Release|Any CPU.Build.0 = Release|Any CPU
		{94BB45BB-94B2-4119-B7F0-18269EEB59A8}.Debug|Any CPU.ActiveCfg = Debug|Any CPU
		{94BB45BB-94B2-4119-B7F0-18269EEB59A8}.Debug|Any CPU.Build.0 = Debug|Any CPU
		{94BB45BB-94B2-4119-B7F0-18269EEB59A8}.Release|Any CPU.ActiveCfg = Release|Any CPU
		{94BB45BB-94B2-4119-B7F0-18269EEB59A8}.Release|Any CPU.Build.0 = Release|Any CPU
	EndGlobalSection
	GlobalSection(SolutionProperties) = preSolution
		HideSolutionNode = FALSE
	EndGlobalSection
	GlobalSection(ExtensibilityGlobals) = postSolution
		SolutionGuid = {46C8D9BF-F1AA-4E01-B4EA-666D5B0988C1}
	EndGlobalSection
EndGlobal
